<?xml version="1.0" encoding="UTF-8"?>
<Project ToolsVersion="12.0" xmlns="http://schemas.microsoft.com/developer/msbuild/2003">
  <ItemGroup>
    <CustomBuild Include="C:\Users\dkvandyke\Source\Repos\76_objSfM\objSfM\odm_texturing_win\build_intel\CMakeFiles\fe1a8470610404e7a47d9ef2c8f423dd\generate.stamp.rule">
      <Filter>CMake Rules</Filter>
    </CustomBuild>
  </ItemGroup>
  <ItemGroup>
    <Filter Include="CMake Rules">
      <UniqueIdentifier>{653D577A-87A6-4239-AB88-B9455AD2A8E7}</UniqueIdentifier>
    </Filter>
  </ItemGroup>
</Project>
